
Microsoft Visual Studio Solution File, Format Version 12.00
# Visual Studio 14
VisualStudioVersion = 14.0.25420.1
MinimumVisualStudioVersion = 10.0.40219.1
Project("{FAE04EC0-301F-11D3-BF4B-00C04F79EFBC}") = "FarmEditor", "FarmEditor\FarmEditor.csproj", "{329B1BB1-A713-4E1E-96D7-5483A1F729BB}"
EndProject
Global
	GlobalSection(SolutionConfigurationPlatforms) = preSolution
		Debug|Any CPU = Debug|Any CPU
		Debug|x86 = Debug|x86
		Release|Any CPU = Release|Any CPU
		Release|x86 = Release|x86
	EndGlobalSection
	GlobalSection(ProjectConfigurationPlatforms) = postSolution
		{329B1BB1-A713-4E1E-96D7-5483A1F729BB}.Debug|Any CPU.ActiveCfg = Debug|Any CPU
		{329B1BB1-A713-4E1E-96D7-5483A1F729BB}.Debug|Any CPU.Build.0 = Debug|Any CPU
		{329B1BB1-A713-4E1E-96D7-5483A1F729BB}.Debug|x86.ActiveCfg = Debug|Any CPU
		{329B1BB1-A713-4E1E-96D7-5483A1F729BB}.Debug|x86.Build.0 = Debug|Any CPU
		{329B1BB1-A713-4E1E-96D7-5483A1F729BB}.Release|Any CPU.ActiveCfg = Release|Any CPU
		{329B1BB1-A713-4E1E-96D7-5483A1F729BB}.Release|Any CPU.Build.0 = Release|Any CPU
		{329B1BB1-A713-4E1E-96D7-5483A1F729BB}.Release|x86.ActiveCfg = Release|Any CPU
		{329B1BB1-A713-4E1E-96D7-5483A1F729BB}.Release|x86.Build.0 = Release|Any CPU
	EndGlobalSection
	GlobalSection(SolutionProperties) = preSolution
		HideSolutionNode = FALSE
	EndGlobalSection
EndGlobal
